
Microsoft Visual Studio Solution File, Format Version 12.00
# Visual Studio Version 17
VisualStudioVersion = 17.8.34309.116
MinimumVisualStudioVersion = 10.0.40219.1
Project("{9A19103F-16F7-4668-BE54-9A1E7A4F7556}") = "DouelfaqarBenazzouz_225040009_MobileProgramming_MidTerm", "DouelfaqarBenazzouz_225040009_MobileProgramming_MidTerm.csproj", "{2A036805-E04E-491F-B692-4A36F8B1D7CF}"
EndProject
Global
	GlobalSection(SolutionConfigurationPlatforms) = preSolution
		Debug|Any CPU = Debug|Any CPU
		Release|Any CPU = Release|Any CPU
	EndGlobalSection
	GlobalSection(ProjectConfigurationPlatforms) = postSolution
		{2A036805-E04E-491F-B692-4A36F8B1D7CF}.Debug|Any CPU.ActiveCfg = Debug|Any CPU
		{2A036805-E04E-491F-B692-4A36F8B1D7CF}.Debug|Any CPU.Build.0 = Debug|Any CPU
		{2A036805-E04E-491F-B692-4A36F8B1D7CF}.Release|Any CPU.ActiveCfg = Release|Any CPU
		{2A036805-E04E-491F-B692-4A36F8B1D7CF}.Release|Any CPU.Build.0 = Release|Any CPU
	EndGlobalSection
	GlobalSection(SolutionProperties) = preSolution
		HideSolutionNode = FALSE
	EndGlobalSection
	GlobalSection(ExtensibilityGlobals) = postSolution
		SolutionGuid = {7C82DD8C-98AC-40E5-BC95-8C7E103A7CEB}
	EndGlobalSection
EndGlobal
